dependencies:
- name: postgresql
  repository: https://charts.helm.sh/stable/
  version: 0.9.5
- name: redis
  repository: https://charts.helm.sh/stable/
  version: 1.2.2
- name: result
  repository: file://local-charts/result
  version: 1.0.0
- name: vote
  repository: file://local-charts/vote
  version: 1.0.0
- name: worker
  repository: file://local-charts/worker
  version: 1.0.1
digest: sha256:deb44f2927582f8fcf09365cb48288927c69d01af0c5b37f7290b28031927863
generated: "2021-02-11T10:45:07.45329-07:00"
